// !$*UTF8*$!
{
	archiveVersion = 1;
	classes = {
	};
	objectVersion = 56;
	objects = {

/* Begin PBXBuildFile section */
		1C44593194E9E4EAAEA34E52 /* Pods_TwitterClone.framework in Frameworks */ = {isa = PBXBuildFile; fileRef = 083DE44AD0937B573C3C8D4B /* Pods_TwitterClone.framework */; };
		DD025E4E2B691BA20059121A /* AppDelegate.swift in Sources */ = {isa = PBXBuildFile; fileRef = DD025E4D2B691BA20059121A /* AppDelegate.swift */; };
		DD025E502B691BA20059121A /* SceneDelegate.swift in Sources */ = {isa = PBXBuildFile; fileRef = DD025E4F2B691BA20059121A /* SceneDelegate.swift */; };
		DD025E552B691BA20059121A /* Main.storyboard in Resources */ = {isa = PBXBuildFile; fileRef = DD025E532B691BA20059121A /* Main.storyboard */; };
		DD025E572B691BA30059121A /* Assets.xcassets in Resources */ = {isa = PBXBuildFile; fileRef = DD025E562B691BA30059121A /* Assets.xcassets */; };
		DD025E5A2B691BA30059121A /* LaunchScreen.storyboard in Resources */ = {isa = PBXBuildFile; fileRef = DD025E582B691BA30059121A /* LaunchScreen.storyboard */; };
		DD025E682B691D610059121A /* MainTabController.swift in Sources */ = {isa = PBXBuildFile; fileRef = DD025E672B691D610059121A /* MainTabController.swift */; };
		DD025E6A2B691E930059121A /* FeedController.swift in Sources */ = {isa = PBXBuildFile; fileRef = DD025E692B691E930059121A /* FeedController.swift */; };
		DD025E6C2B691EC00059121A /* ExploreController.swift in Sources */ = {isa = PBXBuildFile; fileRef = DD025E6B2B691EC00059121A /* ExploreController.swift */; };
		DD025E6E2B691ED20059121A /* NotificationController.swift in Sources */ = {isa = PBXBuildFile; fileRef = DD025E6D2B691ED20059121A /* NotificationController.swift */; };
		DD025E702B691EE30059121A /* ConversationController.swift in Sources */ = {isa = PBXBuildFile; fileRef = DD025E6F2B691EE30059121A /* ConversationController.swift */; };
		DD025E722B693BA80059121A /* Extensions.swift in Sources */ = {isa = PBXBuildFile; fileRef = DD025E712B693BA80059121A /* Extensions.swift */; };
		DD025E752B6942E20059121A /* LoginController.swift in Sources */ = {isa = PBXBuildFile; fileRef = DD025E742B6942E20059121A /* LoginController.swift */; };
		DD025E772B6943270059121A /* RegisterationController.swift in Sources */ = {isa = PBXBuildFile; fileRef = DD025E762B6943270059121A /* RegisterationController.swift */; };
		DD025E792B6E2E3D0059121A /* GoogleService-Info.plist in Resources */ = {isa = PBXBuildFile; fileRef = DD025E782B6E2E3D0059121A /* GoogleService-Info.plist */; };
		DD025E7B2B6E39720059121A /* Constants.swift in Sources */ = {isa = PBXBuildFile; fileRef = DD025E7A2B6E39720059121A /* Constants.swift */; };
		DD025E7D2B6E46480059121A /* AuthService.swift in Sources */ = {isa = PBXBuildFile; fileRef = DD025E7C2B6E46480059121A /* AuthService.swift */; };
		DD025E7F2B6E94300059121A /* UserService.swift in Sources */ = {isa = PBXBuildFile; fileRef = DD025E7E2B6E94300059121A /* UserService.swift */; };
		DD025E812B6E991A0059121A /* User.swift in Sources */ = {isa = PBXBuildFile; fileRef = DD025E802B6E991A0059121A /* User.swift */; };
		DD025E832B6F5CF60059121A /* UploadTweetController.swift in Sources */ = {isa = PBXBuildFile; fileRef = DD025E822B6F5CF60059121A /* UploadTweetController.swift */; };
		DD025E852B6F7A490059121A /* CaptionTextView.swift in Sources */ = {isa = PBXBuildFile; fileRef = DD025E842B6F7A490059121A /* CaptionTextView.swift */; };
		DD025E872B6F8E040059121A /* TweetService.swift in Sources */ = {isa = PBXBuildFile; fileRef = DD025E862B6F8E040059121A /* TweetService.swift */; };
		DD025E892B6F92CF0059121A /* Tweet.swift in Sources */ = {isa = PBXBuildFile; fileRef = DD025E882B6F92CF0059121A /* Tweet.swift */; };
		DD025E8B2B6FC49F0059121A /* TweetCell.swift in Sources */ = {isa = PBXBuildFile; fileRef = DD025E8A2B6FC49F0059121A /* TweetCell.swift */; };
		DD025E8D2B6FE8F70059121A /* TweetViewModel.swift in Sources */ = {isa = PBXBuildFile; fileRef = DD025E8C2B6FE8F70059121A /* TweetViewModel.swift */; };
		DDE73C032B6A41A100CB93D9 /* Utilities.swift in Sources */ = {isa = PBXBuildFile; fileRef = DDE73C022B6A41A100CB93D9 /* Utilities.swift */; };
/* End PBXBuildFile section */

/* Begin PBXFileReference section */
		083DE44AD0937B573C3C8D4B /* Pods_TwitterClone.framework */ = {isa = PBXFileReference; explicitFileType = wrapper.framework; includeInIndex = 0; path = Pods_TwitterClone.framework; sourceTree = BUILT_PRODUCTS_DIR; };
		0CC54B5F5E496371729EAF87 /* Pods-TwitterClone.debug.xcconfig */ = {isa = PBXFileReference; includeInIndex = 1; lastKnownFileType = text.xcconfig; name = "Pods-TwitterClone.debug.xcconfig"; path = "Target Support Files/Pods-TwitterClone/Pods-TwitterClone.debug.xcconfig"; sourceTree = "<group>"; };
		BB038CE2696DD5D6144B29D7 /* Pods-TwitterClone.release.xcconfig */ = {isa = PBXFileReference; includeInIndex = 1; lastKnownFileType = text.xcconfig; name = "Pods-TwitterClone.release.xcconfig"; path = "Target Support Files/Pods-TwitterClone/Pods-TwitterClone.release.xcconfig"; sourceTree = "<group>"; };
		DD025E4A2B691BA20059121A /* TwitterClone.app */ = {isa = PBXFileReference; explicitFileType = wrapper.application; includeInIndex = 0; path = TwitterClone.app; sourceTree = BUILT_PRODUCTS_DIR; };
		DD025E4D2B691BA20059121A /* AppDelegate.swift */ = {isa = PBXFileReference; lastKnownFileType = sourcecode.swift; path = AppDelegate.swift; sourceTree = "<group>"; };
		DD025E4F2B691BA20059121A /* SceneDelegate.swift */ = {isa = PBXFileReference; lastKnownFileType = sourcecode.swift; path = SceneDelegate.swift; sourceTree = "<group>"; };
		DD025E542B691BA20059121A /* Base */ = {isa = PBXFileReference; lastKnownFileType = file.storyboard; name = Base; path = Base.lproj/Main.storyboard; sourceTree = "<group>"; };
		DD025E562B691BA30059121A /* Assets.xcassets */ = {isa = PBXFileReference; lastKnownFileType = folder.assetcatalog; path = Assets.xcassets; sourceTree = "<group>"; };
		DD025E592B691BA30059121A /* Base */ = {isa = PBXFileReference; lastKnownFileType = file.storyboard; name = Base; path = Base.lproj/LaunchScreen.storyboard; sourceTree = "<group>"; };
		DD025E5B2B691BA30059121A /* Info.plist */ = {isa = PBXFileReference; lastKnownFileType = text.plist.xml; path = Info.plist; sourceTree = "<group>"; };
		DD025E672B691D610059121A /* MainTabController.swift */ = {isa = PBXFileReference; lastKnownFileType = sourcecode.swift; path = MainTabController.swift; sourceTree = "<group>"; };
		DD025E692B691E930059121A /* FeedController.swift */ = {isa = PBXFileReference; lastKnownFileType = sourcecode.swift; path = FeedController.swift; sourceTree = "<group>"; };
		DD025E6B2B691EC00059121A /* ExploreController.swift */ = {isa = PBXFileReference; lastKnownFileType = sourcecode.swift; path = ExploreController.swift; sourceTree = "<group>"; };
		DD025E6D2B691ED20059121A /* NotificationController.swift */ = {isa = PBXFileReference; lastKnownFileType = sourcecode.swift; path = NotificationController.swift; sourceTree = "<group>"; };
		DD025E6F2B691EE30059121A /* ConversationController.swift */ = {isa = PBXFileReference; lastKnownFileType = sourcecode.swift; path = ConversationController.swift; sourceTree = "<group>"; };
		DD025E712B693BA80059121A /* Extensions.swift */ = {isa = PBXFileReference; lastKnownFileType = sourcecode.swift; path = Extensions.swift; sourceTree = "<group>"; };
		DD025E742B6942E20059121A /* LoginController.swift */ = {isa = PBXFileReference; lastKnownFileType = sourcecode.swift; path = LoginController.swift; sourceTree = "<group>"; };
		DD025E762B6943270059121A /* RegisterationController.swift */ = {isa = PBXFileReference; lastKnownFileType = sourcecode.swift; path = RegisterationController.swift; sourceTree = "<group>"; };
		DD025E782B6E2E3D0059121A /* GoogleService-Info.plist */ = {isa = PBXFileReference; fileEncoding = 4; lastKnownFileType = text.plist.xml; path = "GoogleService-Info.plist"; sourceTree = "<group>"; };
		DD025E7A2B6E39720059121A /* Constants.swift */ = {isa = PBXFileReference; lastKnownFileType = sourcecode.swift; path = Constants.swift; sourceTree = "<group>"; };
		DD025E7C2B6E46480059121A /* AuthService.swift */ = {isa = PBXFileReference; lastKnownFileType = sourcecode.swift; path = AuthService.swift; sourceTree = "<group>"; };
		DD025E7E2B6E94300059121A /* UserService.swift */ = {isa = PBXFileReference; lastKnownFileType = sourcecode.swift; path = UserService.swift; sourceTree = "<group>"; };
		DD025E802B6E991A0059121A /* User.swift */ = {isa = PBXFileReference; lastKnownFileType = sourcecode.swift; path = User.swift; sourceTree = "<group>"; };
		DD025E822B6F5CF60059121A /* UploadTweetController.swift */ = {isa = PBXFileReference; lastKnownFileType = sourcecode.swift; path = UploadTweetController.swift; sourceTree = "<group>"; };
		DD025E842B6F7A490059121A /* CaptionTextView.swift */ = {isa = PBXFileReference; lastKnownFileType = sourcecode.swift; path = CaptionTextView.swift; sourceTree = "<group>"; };
		DD025E862B6F8E040059121A /* TweetService.swift */ = {isa = PBXFileReference; lastKnownFileType = sourcecode.swift; path = TweetService.swift; sourceTree = "<group>"; };
		DD025E882B6F92CF0059121A /* Tweet.swift */ = {isa = PBXFileReference; lastKnownFileType = sourcecode.swift; path = Tweet.swift; sourceTree = "<group>"; };
		DD025E8A2B6FC49F0059121A /* TweetCell.swift */ = {isa = PBXFileReference; lastKnownFileType = sourcecode.swift; path = TweetCell.swift; sourceTree = "<group>"; };
		DD025E8C2B6FE8F70059121A /* TweetViewModel.swift */ = {isa = PBXFileReference; lastKnownFileType = sourcecode.swift; path = TweetViewModel.swift; sourceTree = "<group>"; };
		DDE73C022B6A41A100CB93D9 /* Utilities.swift */ = {isa = PBXFileReference; lastKnownFileType = sourcecode.swift; path = Utilities.swift; sourceTree = "<group>"; };
/* End PBXFileReference section */

/* Begin PBXFrameworksBuildPhase section */
		DD025E472B691BA20059121A /* Frameworks */ = {
			isa = PBXFrameworksBuildPhase;
			buildActionMask = 2147483647;
			files = (
				1C44593194E9E4EAAEA34E52 /* Pods_TwitterClone.framework in Frameworks */,
			);
			runOnlyForDeploymentPostprocessing = 0;
		};
/* End PBXFrameworksBuildPhase section */

/* Begin PBXGroup section */
		608769F1DD44574D7F2E5B8A /* Pods */ = {
			isa = PBXGroup;
			children = (
				0CC54B5F5E496371729EAF87 /* Pods-TwitterClone.debug.xcconfig */,
				BB038CE2696DD5D6144B29D7 /* Pods-TwitterClone.release.xcconfig */,
			);
			path = Pods;
			sourceTree = "<group>";
		};
		D51CE6CC4FDF851AE66FBD7D /* Frameworks */ = {
			isa = PBXGroup;
			children = (
				083DE44AD0937B573C3C8D4B /* Pods_TwitterClone.framework */,
			);
			name = Frameworks;
			sourceTree = "<group>";
		};
		DD025E412B691BA20059121A = {
			isa = PBXGroup;
			children = (
				DD025E4C2B691BA20059121A /* TwitterClone */,
				DD025E4B2B691BA20059121A /* Products */,
				608769F1DD44574D7F2E5B8A /* Pods */,
				D51CE6CC4FDF851AE66FBD7D /* Frameworks */,
			);
			sourceTree = "<group>";
		};
		DD025E4B2B691BA20059121A /* Products */ = {
			isa = PBXGroup;
			children = (
				DD025E4A2B691BA20059121A /* TwitterClone.app */,
			);
			name = Products;
			sourceTree = "<group>";
		};
		DD025E4C2B691BA20059121A /* TwitterClone */ = {
			isa = PBXGroup;
			children = (
				DD025E662B691BE50059121A /* Model */,
				DD025E652B691BE30059121A /* View */,
				DD025E642B691BE10059121A /* ViewModel */,
				DD025E632B691BDE0059121A /* Controller */,
				DD025E622B691BDC0059121A /* API */,
				DD025E612B691BD00059121A /* Utils */,
				DD025E4D2B691BA20059121A /* AppDelegate.swift */,
				DD025E4F2B691BA20059121A /* SceneDelegate.swift */,
				DD025E532B691BA20059121A /* Main.storyboard */,
				DD025E562B691BA30059121A /* Assets.xcassets */,
				DD025E582B691BA30059121A /* LaunchScreen.storyboard */,
				DD025E782B6E2E3D0059121A /* GoogleService-Info.plist */,
				DD025E5B2B691BA30059121A /* Info.plist */,
			);
			path = TwitterClone;
			sourceTree = "<group>";
		};
		DD025E612B691BD00059121A /* Utils */ = {
			isa = PBXGroup;
			children = (
				DD025E712B693BA80059121A /* Extensions.swift */,
				DDE73C022B6A41A100CB93D9 /* Utilities.swift */,
				DD025E7A2B6E39720059121A /* Constants.swift */,
			);
			path = Utils;
			sourceTree = "<group>";
		};
		DD025E622B691BDC0059121A /* API */ = {
			isa = PBXGroup;
			children = (
				DD025E7C2B6E46480059121A /* AuthService.swift */,
				DD025E7E2B6E94300059121A /* UserService.swift */,
				DD025E862B6F8E040059121A /* TweetService.swift */,
			);
			path = API;
			sourceTree = "<group>";
		};
		DD025E632B691BDE0059121A /* Controller */ = {
			isa = PBXGroup;
			children = (
				DD025E732B6942C30059121A /* Authentication */,
				DD025E672B691D610059121A /* MainTabController.swift */,
				DD025E692B691E930059121A /* FeedController.swift */,
				DD025E6B2B691EC00059121A /* ExploreController.swift */,
				DD025E6D2B691ED20059121A /* NotificationController.swift */,
				DD025E6F2B691EE30059121A /* ConversationController.swift */,
				DD025E822B6F5CF60059121A /* UploadTweetController.swift */,
			);
			path = Controller;
			sourceTree = "<group>";
		};
		DD025E642B691BE10059121A /* ViewModel */ = {
			isa = PBXGroup;
			children = (
				DD025E8C2B6FE8F70059121A /* TweetViewModel.swift */,
			);
			path = ViewModel;
			sourceTree = "<group>";
		};
		DD025E652B691BE30059121A /* View */ = {
			isa = PBXGroup;
			children = (
				DD025E842B6F7A490059121A /* CaptionTextView.swift */,
				DD025E8A2B6FC49F0059121A /* TweetCell.swift */,
			);
			path = View;
			sourceTree = "<group>";
		};
		DD025E662B691BE50059121A /* Model */ = {
			isa = PBXGroup;
			children = (
				DD025E802B6E991A0059121A /* User.swift */,
				DD025E882B6F92CF0059121A /* Tweet.swift */,
			);
			path = Model;
			sourceTree = "<group>";
		};
		DD025E732B6942C30059121A /* Authentication */ = {
			isa = PBXGroup;
			children = (
				DD025E742B6942E20059121A /* LoginController.swift */,
				DD025E762B6943270059121A /* RegisterationController.swift */,
			);
			path = Authentication;
			sourceTree = "<group>";
		};
/* End PBXGroup section */

/* Begin PBXNativeTarget section */
		DD025E492B691BA20059121A /* TwitterClone */ = {
			isa = PBXNativeTarget;
			buildConfigurationList = DD025E5E2B691BA30059121A /* Build configuration list for PBXNativeTarget "TwitterClone" */;
			buildPhases = (
				662A28D3C3004385232FF0CC /* [CP] Check Pods Manifest.lock */,
				DD025E462B691BA20059121A /* Sources */,
				DD025E472B691BA20059121A /* Frameworks */,
				DD025E482B691BA20059121A /* Resources */,
				1142049FDF144642598DC7F9 /* [CP] Embed Pods Frameworks */,
			);
			buildRules = (
			);
			dependencies = (
			);
			name = TwitterClone;
			productName = TwitterClone;
			productReference = DD025E4A2B691BA20059121A /* TwitterClone.app */;
			productType = "com.apple.product-type.application";
		};
/* End PBXNativeTarget section */

/* Begin PBXProject section */
		DD025E422B691BA20059121A /* Project object */ = {
			isa = PBXProject;
			attributes = {
				BuildIndependentTargetsInParallel = 1;
				LastSwiftUpdateCheck = 1420;
				LastUpgradeCheck = 1420;
				TargetAttributes = {
					DD025E492B691BA20059121A = {
						CreatedOnToolsVersion = 14.2;
					};
				};
			};
			buildConfigurationList = DD025E452B691BA20059121A /* Build configuration list for PBXProject "TwitterClone" */;
			compatibilityVersion = "Xcode 14.0";
			developmentRegion = en;
			hasScannedForEncodings = 0;
			knownRegions = (
				en,
				Base,
			);
			mainGroup = DD025E412B691BA20059121A;
			productRefGroup = DD025E4B2B691BA20059121A /* Products */;
			projectDirPath = "";
			projectRoot = "";
			targets = (
				DD025E492B691BA20059121A /* TwitterClone */,
			);
		};
/* End PBXProject section */

/* Begin PBXResourcesBuildPhase section */
		DD025E482B691BA20059121A /* Resources */ = {
			isa = PBXResourcesBuildPhase;
			buildActionMask = 2147483647;
			files = (
				DD025E5A2B691BA30059121A /* LaunchScreen.storyboard in Resources */,
				DD025E792B6E2E3D0059121A /* GoogleService-Info.plist in Resources */,
				DD025E572B691BA30059121A /* Assets.xcassets in Resources */,
				DD025E552B691BA20059121A /* Main.storyboard in Resources */,
			);
			runOnlyForDeploymentPostprocessing = 0;
		};
/* End PBXResourcesBuildPhase section */

/* Begin PBXShellScriptBuildPhase section */
		1142049FDF144642598DC7F9 /* [CP] Embed Pods Frameworks */ = {
			isa = PBXShellScriptBuildPhase;
			buildActionMask = 2147483647;
			files = (
			);
			inputFileListPaths = (
				"${PODS_ROOT}/Target Support Files/Pods-TwitterClone/Pods-TwitterClone-frameworks-${CONFIGURATION}-input-files.xcfilelist",
			);
			name = "[CP] Embed Pods Frameworks";
			outputFileListPaths = (
				"${PODS_ROOT}/Target Support Files/Pods-TwitterClone/Pods-TwitterClone-frameworks-${CONFIGURATION}-output-files.xcfilelist",
			);
			runOnlyForDeploymentPostprocessing = 0;
			shellPath = /bin/sh;
			shellScript = "\"${PODS_ROOT}/Target Support Files/Pods-TwitterClone/Pods-TwitterClone-frameworks.sh\"\n";
			showEnvVarsInLog = 0;
		};
		662A28D3C3004385232FF0CC /* [CP] Check Pods Manifest.lock */ = {
			isa = PBXShellScriptBuildPhase;
			buildActionMask = 2147483647;
			files = (
			);
			inputFileListPaths = (
			);
			inputPaths = (
				"${PODS_PODFILE_DIR_PATH}/Podfile.lock",
				"${PODS_ROOT}/Manifest.lock",
			);
			name = "[CP] Check Pods Manifest.lock";
			outputFileListPaths = (
			);
			outputPaths = (
				"$(DERIVED_FILE_DIR)/Pods-TwitterClone-checkManifestLockResult.txt",
			);
			runOnlyForDeploymentPostprocessing = 0;
			shellPath = /bin/sh;
			shellScript = "diff \"${PODS_PODFILE_DIR_PATH}/Podfile.lock\" \"${PODS_ROOT}/Manifest.lock\" > /dev/null\nif [ $? != 0 ] ; then\n    # print error to STDERR\n    echo \"error: The sandbox is not in sync with the Podfile.lock. Run 'pod install' or update your CocoaPods installation.\" >&2\n    exit 1\nfi\n# This output is used by Xcode 'outputs' to avoid re-running this script phase.\necho \"SUCCESS\" > \"${SCRIPT_OUTPUT_FILE_0}\"\n";
			showEnvVarsInLog = 0;
		};
/* End PBXShellScriptBuildPhase section */

/* Begin PBXSourcesBuildPhase section */
		DD025E462B691BA20059121A /* Sources */ = {
			isa = PBXSourcesBuildPhase;
			buildActionMask = 2147483647;
			files = (
				DD025E7F2B6E94300059121A /* UserService.swift in Sources */,
				DD025E6E2B691ED20059121A /* NotificationController.swift in Sources */,
				DD025E852B6F7A490059121A /* CaptionTextView.swift in Sources */,
				DD025E4E2B691BA20059121A /* AppDelegate.swift in Sources */,
				DDE73C032B6A41A100CB93D9 /* Utilities.swift in Sources */,
				DD025E6C2B691EC00059121A /* ExploreController.swift in Sources */,
				DD025E722B693BA80059121A /* Extensions.swift in Sources */,
				DD025E8B2B6FC49F0059121A /* TweetCell.swift in Sources */,
				DD025E772B6943270059121A /* RegisterationController.swift in Sources */,
				DD025E7D2B6E46480059121A /* AuthService.swift in Sources */,
				DD025E832B6F5CF60059121A /* UploadTweetController.swift in Sources */,
				DD025E812B6E991A0059121A /* User.swift in Sources */,
				DD025E752B6942E20059121A /* LoginController.swift in Sources */,
				DD025E682B691D610059121A /* MainTabController.swift in Sources */,
				DD025E502B691BA20059121A /* SceneDelegate.swift in Sources */,
				DD025E8D2B6FE8F70059121A /* TweetViewModel.swift in Sources */,
				DD025E702B691EE30059121A /* ConversationController.swift in Sources */,
				DD025E6A2B691E930059121A /* FeedController.swift in Sources */,
				DD025E7B2B6E39720059121A /* Constants.swift in Sources */,
				DD025E892B6F92CF0059121A /* Tweet.swift in Sources */,
				DD025E872B6F8E040059121A /* TweetService.swift in Sources */,
			);
			runOnlyForDeploymentPostprocessing = 0;
		};
/* End PBXSourcesBuildPhase section */

/* Begin PBXVariantGroup section */
		DD025E532B691BA20059121A /* Main.storyboard */ = {
			isa = PBXVariantGroup;
			children = (
				DD025E542B691BA20059121A /* Base */,
			);
			name = Main.storyboard;
			sourceTree = "<group>";
		};
		DD025E582B691BA30059121A /* LaunchScreen.storyboard */ = {
			isa = PBXVariantGroup;
			children = (
				DD025E592B691BA30059121A /* Base */,
			);
			name = LaunchScreen.storyboard;
			sourceTree = "<group>";
		};
/* End PBXVariantGroup section */

/* Begin XCBuildConfiguration section */
		DD025E5C2B691BA30059121A /* Debug */ = {
			isa = XCBuildConfiguration;
			buildSettings = {
				ALWAYS_SEARCH_USER_PATHS = NO;
				CLANG_ANALYZER_NONNULL = YES;
				CLANG_ANALYZER_NUMBER_OBJECT_CONVERSION = YES_AGGRESSIVE;
				CLANG_CXX_LANGUAGE_STANDARD = "gnu++20";
				CLANG_ENABLE_MODULES = YES;
				CLANG_ENABLE_OBJC_ARC = YES;
				CLANG_ENABLE_OBJC_WEAK = YES;
				CLANG_WARN_BLOCK_CAPTURE_AUTORELEASING = YES;
				CLANG_WARN_BOOL_CONVERSION = YES;
				CLANG_WARN_COMMA = YES;
				CLANG_WARN_CONSTANT_CONVERSION = YES;
				CLANG_WARN_DEPRECATED_OBJC_IMPLEMENTATIONS = YES;
				CLANG_WARN_DIRECT_OBJC_ISA_USAGE = YES_ERROR;
				CLANG_WARN_DOCUMENTATION_COMMENTS = YES;
				CLANG_WARN_EMPTY_BODY = YES;
				CLANG_WARN_ENUM_CONVERSION = YES;
				CLANG_WARN_INFINITE_RECURSION = YES;
				CLANG_WARN_INT_CONVERSION = YES;
				CLANG_WARN_NON_LITERAL_NULL_CONVERSION = YES;
				CLANG_WARN_OBJC_IMPLICIT_RETAIN_SELF = YES;
				CLANG_WARN_OBJC_LITERAL_CONVERSION = YES;
				CLANG_WARN_OBJC_ROOT_CLASS = YES_ERROR;
				CLANG_WARN_QUOTED_INCLUDE_IN_FRAMEWORK_HEADER = YES;
				CLANG_WARN_RANGE_LOOP_ANALYSIS = YES;
				CLANG_WARN_STRICT_PROTOTYPES = YES;
				CLANG_WARN_SUSPICIOUS_MOVE = YES;
				CLANG_WARN_UNGUARDED_AVAILABILITY = YES_AGGRESSIVE;
				CLANG_WARN_UNREACHABLE_CODE = YES;
				CLANG_WARN__DUPLICATE_METHOD_MATCH = YES;
				COPY_PHASE_STRIP = NO;
				DEBUG_INFORMATION_FORMAT = dwarf;
				ENABLE_STRICT_OBJC_MSGSEND = YES;
				ENABLE_TESTABILITY = YES;
				GCC_C_LANGUAGE_STANDARD = gnu11;
				GCC_DYNAMIC_NO_PIC = NO;
				GCC_NO_COMMON_BLOCKS = YES;
				GCC_OPTIMIZATION_LEVEL = 0;
				GCC_PREPROCESSOR_DEFINITIONS = (
					"DEBUG=1",
					"$(inherited)",
				);
				GCC_WARN_64_TO_32_BIT_CONVERSION = YES;
				GCC_WARN_ABOUT_RETURN_TYPE = YES_ERROR;
				GCC_WARN_UNDECLARED_SELECTOR = YES;
				GCC_WARN_UNINITIALIZED_AUTOS = YES_AGGRESSIVE;
				GCC_WARN_UNUSED_FUNCTION = YES;
				GCC_WARN_UNUSED_VARIABLE = YES;
				IPHONEOS_DEPLOYMENT_TARGET = 16.2;
				MTL_ENABLE_DEBUG_INFO = INCLUDE_SOURCE;
				MTL_FAST_MATH = YES;
				ONLY_ACTIVE_ARCH = YES;
				SDKROOT = iphoneos;
				SWIFT_ACTIVE_COMPILATION_CONDITIONS = DEBUG;
				SWIFT_OPTIMIZATION_LEVEL = "-Onone";
			};
			name = Debug;
		};
		DD025E5D2B691BA30059121A /* Release */ = {
			isa = XCBuildConfiguration;
			buildSettings = {
				ALWAYS_SEARCH_USER_PATHS = NO;
				CLANG_ANALYZER_NONNULL = YES;
				CLANG_ANALYZER_NUMBER_OBJECT_CONVERSION = YES_AGGRESSIVE;
				CLANG_CXX_LANGUAGE_STANDARD = "gnu++20";
				CLANG_ENABLE_MODULES = YES;
				CLANG_ENABLE_OBJC_ARC = YES;
				CLANG_ENABLE_OBJC_WEAK = YES;
				CLANG_WARN_BLOCK_CAPTURE_AUTORELEASING = YES;
				CLANG_WARN_BOOL_CONVERSION = YES;
				CLANG_WARN_COMMA = YES;
				CLANG_WARN_CONSTANT_CONVERSION = YES;
				CLANG_WARN_DEPRECATED_OBJC_IMPLEMENTATIONS = YES;
				CLANG_WARN_DIRECT_OBJC_ISA_USAGE = YES_ERROR;
				CLANG_WARN_DOCUMENTATION_COMMENTS = YES;
				CLANG_WARN_EMPTY_BODY = YES;
				CLANG_WARN_ENUM_CONVERSION = YES;
				CLANG_WARN_INFINITE_RECURSION = YES;
				CLANG_WARN_INT_CONVERSION = YES;
				CLANG_WARN_NON_LITERAL_NULL_CONVERSION = YES;
				CLANG_WARN_OBJC_IMPLICIT_RETAIN_SELF = YES;
				CLANG_WARN_OBJC_LITERAL_CONVERSION = YES;
				CLANG_WARN_OBJC_ROOT_CLASS = YES_ERROR;
				CLANG_WARN_QUOTED_INCLUDE_IN_FRAMEWORK_HEADER = YES;
				CLANG_WARN_RANGE_LOOP_ANALYSIS = YES;
				CLANG_WARN_STRICT_PROTOTYPES = YES;
				CLANG_WARN_SUSPICIOUS_MOVE = YES;
				CLANG_WARN_UNGUARDED_AVAILABILITY = YES_AGGRESSIVE;
				CLANG_WARN_UNREACHABLE_CODE = YES;
				CLANG_WARN__DUPLICATE_METHOD_MATCH = YES;
				COPY_PHASE_STRIP = NO;
				DEBUG_INFORMATION_FORMAT = "dwarf-with-dsym";
				ENABLE_NS_ASSERTIONS = NO;
				ENABLE_STRICT_OBJC_MSGSEND = YES;
				GCC_C_LANGUAGE_STANDARD = gnu11;
				GCC_NO_COMMON_BLOCKS = YES;
				GCC_WARN_64_TO_32_BIT_CONVERSION = YES;
				GCC_WARN_ABOUT_RETURN_TYPE = YES_ERROR;
				GCC_WARN_UNDECLARED_SELECTOR = YES;
				GCC_WARN_UNINITIALIZED_AUTOS = YES_AGGRESSIVE;
				GCC_WARN_UNUSED_FUNCTION = YES;
				GCC_WARN_UNUSED_VARIABLE = YES;
				IPHONEOS_DEPLOYMENT_TARGET = 16.2;
				MTL_ENABLE_DEBUG_INFO = NO;
				MTL_FAST_MATH = YES;
				SDKROOT = iphoneos;
				SWIFT_COMPILATION_MODE = wholemodule;
				SWIFT_OPTIMIZATION_LEVEL = "-O";
				VALIDATE_PRODUCT = YES;
			};
			name = Release;
		};
		DD025E5F2B691BA30059121A /* Debug */ = {
			isa = XCBuildConfiguration;
			baseConfigurationReference = 0CC54B5F5E496371729EAF87 /* Pods-TwitterClone.debug.xcconfig */;
			buildSettings = {
				ASSETCATALOG_COMPILER_APPICON_NAME = AppIcon;
				ASSETCATALOG_COMPILER_GLOBAL_ACCENT_COLOR_NAME = AccentColor;
				CODE_SIGN_STYLE = Automatic;
				CURRENT_PROJECT_VERSION = 1;
				DEVELOPMENT_TEAM = M43VAB7Q75;
				GENERATE_INFOPLIST_FILE = YES;
				INFOPLIST_FILE = TwitterClone/Info.plist;
				INFOPLIST_KEY_UIApplicationSupportsIndirectInputEvents = YES;
				INFOPLIST_KEY_UILaunchStoryboardName = LaunchScreen;
				INFOPLIST_KEY_UIMainStoryboardFile = Main;
				INFOPLIST_KEY_UISupportedInterfaceOrientations_iPad = "UIInterfaceOrientationPortrait UIInterfaceOrientationPortraitUpsideDown UIInterfaceOrientationLandscapeLeft UIInterfaceOrientationLandscapeRight";
				INFOPLIST_KEY_UISupportedInterfaceOrientations_iPhone = "UIInterfaceOrientationPortrait UIInterfaceOrientationLandscapeLeft UIInterfaceOrientationLandscapeRight";
				LD_RUNPATH_SEARCH_PATHS = (
					"$(inherited)",
					"@executable_path/Frameworks",
				);
				MARKETING_VERSION = 1.0;
				PRODUCT_BUNDLE_IDENTIFIER = com.woochan.TwitterClone;
				PRODUCT_NAME = "$(TARGET_NAME)";
				SWIFT_EMIT_LOC_STRINGS = YES;
				SWIFT_VERSION = 5.0;
				TARGETED_DEVICE_FAMILY = "1,2";
			};
			name = Debug;
		};
		DD025E602B691BA30059121A /* Release */ = {
			isa = XCBuildConfiguration;
			baseConfigurationReference = BB038CE2696DD5D6144B29D7 /* Pods-TwitterClone.release.xcconfig */;
			buildSettings = {
				ASSETCATALOG_COMPILER_APPICON_NAME = AppIcon;
				ASSETCATALOG_COMPILER_GLOBAL_ACCENT_COLOR_NAME = AccentColor;
				CODE_SIGN_STYLE = Automatic;
				CURRENT_PROJECT_VERSION = 1;
				DEVELOPMENT_TEAM = M43VAB7Q75;
				GENERATE_INFOPLIST_FILE = YES;
				INFOPLIST_FILE = TwitterClone/Info.plist;
				INFOPLIST_KEY_UIApplicationSupportsIndirectInputEvents = YES;
				INFOPLIST_KEY_UILaunchStoryboardName = LaunchScreen;
				INFOPLIST_KEY_UIMainStoryboardFile = Main;
				INFOPLIST_KEY_UISupportedInterfaceOrientations_iPad = "UIInterfaceOrientationPortrait UIInterfaceOrientationPortraitUpsideDown UIInterfaceOrientationLandscapeLeft UIInterfaceOrientationLandscapeRight";
				INFOPLIST_KEY_UISupportedInterfaceOrientations_iPhone = "UIInterfaceOrientationPortrait UIInterfaceOrientationLandscapeLeft UIInterfaceOrientationLandscapeRight";
				LD_RUNPATH_SEARCH_PATHS = (
					"$(inherited)",
					"@executable_path/Frameworks",
				);
				MARKETING_VERSION = 1.0;
				PRODUCT_BUNDLE_IDENTIFIER = com.woochan.TwitterClone;
				PRODUCT_NAME = "$(TARGET_NAME)";
				SWIFT_EMIT_LOC_STRINGS = YES;
				SWIFT_VERSION = 5.0;
				TARGETED_DEVICE_FAMILY = "1,2";
			};
			name = Release;
		};
/* End XCBuildConfiguration section */

/* Begin XCConfigurationList section */
		DD025E452B691BA20059121A /* Build configuration list for PBXProject "TwitterClone" */ = {
			isa = XCConfigurationList;
			buildConfigurations = (
				DD025E5C2B691BA30059121A /* Debug */,
				DD025E5D2B691BA30059121A /* Release */,
			);
			defaultConfigurationIsVisible = 0;
			defaultConfigurationName = Release;
		};
		DD025E5E2B691BA30059121A /* Build configuration list for PBXNativeTarget "TwitterClone" */ = {
			isa = XCConfigurationList;
			buildConfigurations = (
				DD025E5F2B691BA30059121A /* Debug */,
				DD025E602B691BA30059121A /* Release */,
			);
			defaultConfigurationIsVisible = 0;
			defaultConfigurationName = Release;
		};
/* End XCConfigurationList section */
	};
	rootObject = DD025E422B691BA20059121A /* Project object */;
}
