// !$*UTF8*$!
{
	archiveVersion = 1;
	classes = {
	};
	objectVersion = 56;
	objects = {

/* Begin PBXBuildFile section */
		DD025EAF2BA083550059121A /* AppDelegate.swift in Sources */ = {isa = PBXBuildFile; fileRef = DD025EAE2BA083550059121A /* AppDelegate.swift */; };
		DD025EB12BA083550059121A /* SceneDelegate.swift in Sources */ = {isa = PBXBuildFile; fileRef = DD025EB02BA083550059121A /* SceneDelegate.swift */; };
		DD025EB82BA083590059121A /* Assets.xcassets in Resources */ = {isa = PBXBuildFile; fileRef = DD025EB72BA083590059121A /* Assets.xcassets */; };
		DD025EBB2BA083590059121A /* LaunchScreen.storyboard in Resources */ = {isa = PBXBuildFile; fileRef = DD025EB92BA083590059121A /* LaunchScreen.storyboard */; };
		DD025EC92BA087300059121A /* MainViewController.swift in Sources */ = {isa = PBXBuildFile; fileRef = DD025EC82BA087300059121A /* MainViewController.swift */; };
		DD79822A2BA6DCF8000A484B /* FeedCell.swift in Sources */ = {isa = PBXBuildFile; fileRef = DD7982292BA6DCF8000A484B /* FeedCell.swift */; };
		DD79822D2BA6DF7D000A484B /* SnapKit in Frameworks */ = {isa = PBXBuildFile; productRef = DD79822C2BA6DF7D000A484B /* SnapKit */; };
		DD7982302BA868FB000A484B /* LoginController.swift in Sources */ = {isa = PBXBuildFile; fileRef = DD79822F2BA868FB000A484B /* LoginController.swift */; };
		DD7982322BA86904000A484B /* RegisterController.swift in Sources */ = {isa = PBXBuildFile; fileRef = DD7982312BA86904000A484B /* RegisterController.swift */; };
		DD7982342BB0233B000A484B /* CustomTextField.swift in Sources */ = {isa = PBXBuildFile; fileRef = DD7982332BB0233B000A484B /* CustomTextField.swift */; };
		DD7982382BB02D33000A484B /* Extensions.swift in Sources */ = {isa = PBXBuildFile; fileRef = DD7982372BB02D33000A484B /* Extensions.swift */; };
		DD79823A2BB04ED5000A484B /* AuthViewModel.swift in Sources */ = {isa = PBXBuildFile; fileRef = DD7982392BB04ED5000A484B /* AuthViewModel.swift */; };
		DD79823C2BB1CACB000A484B /* GoogleService-Info.plist in Resources */ = {isa = PBXBuildFile; fileRef = DD79823B2BB1CACB000A484B /* GoogleService-Info.plist */; };
		DD79823F2BB1CBDC000A484B /* FirebaseAuth in Frameworks */ = {isa = PBXBuildFile; productRef = DD79823E2BB1CBDC000A484B /* FirebaseAuth */; };
		DD7982412BB1CBDC000A484B /* FirebaseStorage in Frameworks */ = {isa = PBXBuildFile; productRef = DD7982402BB1CBDC000A484B /* FirebaseStorage */; };
		DDA04EBA2BA08E9B00A841E4 /* .swiftformat in Resources */ = {isa = PBXBuildFile; fileRef = DDA04EB92BA08E9B00A841E4 /* .swiftformat */; };
		DDA04EBC2BA0A84800A841E4 /* FeedController.swift in Sources */ = {isa = PBXBuildFile; fileRef = DDA04EBB2BA0A84800A841E4 /* FeedController.swift */; };
		DDA04EBE2BA0A85300A841E4 /* SearchController.swift in Sources */ = {isa = PBXBuildFile; fileRef = DDA04EBD2BA0A85300A841E4 /* SearchController.swift */; };
		DDA04EC02BA0A87100A841E4 /* ImageSelectorController.swift in Sources */ = {isa = PBXBuildFile; fileRef = DDA04EBF2BA0A87100A841E4 /* ImageSelectorController.swift */; };
		DDA04EC22BA0A87D00A841E4 /* NotificationController.swift in Sources */ = {isa = PBXBuildFile; fileRef = DDA04EC12BA0A87D00A841E4 /* NotificationController.swift */; };
		DDA04EC42BA0A88800A841E4 /* ProfileController.swift in Sources */ = {isa = PBXBuildFile; fileRef = DDA04EC32BA0A88800A841E4 /* ProfileController.swift */; };
/* End PBXBuildFile section */

/* Begin PBXFileReference section */
		DD025EAB2BA083550059121A /* InstagramClone.app */ = {isa = PBXFileReference; explicitFileType = wrapper.application; includeInIndex = 0; path = InstagramClone.app; sourceTree = BUILT_PRODUCTS_DIR; };
		DD025EAE2BA083550059121A /* AppDelegate.swift */ = {isa = PBXFileReference; lastKnownFileType = sourcecode.swift; path = AppDelegate.swift; sourceTree = "<group>"; };
		DD025EB02BA083550059121A /* SceneDelegate.swift */ = {isa = PBXFileReference; lastKnownFileType = sourcecode.swift; path = SceneDelegate.swift; sourceTree = "<group>"; };
		DD025EB72BA083590059121A /* Assets.xcassets */ = {isa = PBXFileReference; lastKnownFileType = folder.assetcatalog; path = Assets.xcassets; sourceTree = "<group>"; };
		DD025EBA2BA083590059121A /* Base */ = {isa = PBXFileReference; lastKnownFileType = file.storyboard; name = Base; path = Base.lproj/LaunchScreen.storyboard; sourceTree = "<group>"; };
		DD025EBC2BA083590059121A /* Info.plist */ = {isa = PBXFileReference; lastKnownFileType = text.plist.xml; path = Info.plist; sourceTree = "<group>"; };
		DD025EC82BA087300059121A /* MainViewController.swift */ = {isa = PBXFileReference; lastKnownFileType = sourcecode.swift; path = MainViewController.swift; sourceTree = "<group>"; };
		DD7982292BA6DCF8000A484B /* FeedCell.swift */ = {isa = PBXFileReference; lastKnownFileType = sourcecode.swift; path = FeedCell.swift; sourceTree = "<group>"; };
		DD79822F2BA868FB000A484B /* LoginController.swift */ = {isa = PBXFileReference; lastKnownFileType = sourcecode.swift; path = LoginController.swift; sourceTree = "<group>"; };
		DD7982312BA86904000A484B /* RegisterController.swift */ = {isa = PBXFileReference; lastKnownFileType = sourcecode.swift; path = RegisterController.swift; sourceTree = "<group>"; };
		DD7982332BB0233B000A484B /* CustomTextField.swift */ = {isa = PBXFileReference; lastKnownFileType = sourcecode.swift; path = CustomTextField.swift; sourceTree = "<group>"; };
		DD7982372BB02D33000A484B /* Extensions.swift */ = {isa = PBXFileReference; lastKnownFileType = sourcecode.swift; path = Extensions.swift; sourceTree = "<group>"; };
		DD7982392BB04ED5000A484B /* AuthViewModel.swift */ = {isa = PBXFileReference; lastKnownFileType = sourcecode.swift; path = AuthViewModel.swift; sourceTree = "<group>"; };
		DD79823B2BB1CACB000A484B /* GoogleService-Info.plist */ = {isa = PBXFileReference; fileEncoding = 4; lastKnownFileType = text.plist.xml; path = "GoogleService-Info.plist"; sourceTree = "<group>"; };
		DDA04EB92BA08E9B00A841E4 /* .swiftformat */ = {isa = PBXFileReference; lastKnownFileType = text; path = .swiftformat; sourceTree = "<group>"; };
		DDA04EBB2BA0A84800A841E4 /* FeedController.swift */ = {isa = PBXFileReference; lastKnownFileType = sourcecode.swift; path = FeedController.swift; sourceTree = "<group>"; };
		DDA04EBD2BA0A85300A841E4 /* SearchController.swift */ = {isa = PBXFileReference; lastKnownFileType = sourcecode.swift; path = SearchController.swift; sourceTree = "<group>"; };
		DDA04EBF2BA0A87100A841E4 /* ImageSelectorController.swift */ = {isa = PBXFileReference; lastKnownFileType = sourcecode.swift; path = ImageSelectorController.swift; sourceTree = "<group>"; };
		DDA04EC12BA0A87D00A841E4 /* NotificationController.swift */ = {isa = PBXFileReference; lastKnownFileType = sourcecode.swift; path = NotificationController.swift; sourceTree = "<group>"; };
		DDA04EC32BA0A88800A841E4 /* ProfileController.swift */ = {isa = PBXFileReference; lastKnownFileType = sourcecode.swift; path = ProfileController.swift; sourceTree = "<group>"; };
/* End PBXFileReference section */

/* Begin PBXFrameworksBuildPhase section */
		DD025EA82BA083550059121A /* Frameworks */ = {
			isa = PBXFrameworksBuildPhase;
			buildActionMask = 2147483647;
			files = (
				DD79822D2BA6DF7D000A484B /* SnapKit in Frameworks */,
				DD79823F2BB1CBDC000A484B /* FirebaseAuth in Frameworks */,
				DD7982412BB1CBDC000A484B /* FirebaseStorage in Frameworks */,
			);
			runOnlyForDeploymentPostprocessing = 0;
		};
/* End PBXFrameworksBuildPhase section */

/* Begin PBXGroup section */
		DD025EA22BA083550059121A = {
			isa = PBXGroup;
			children = (
				DD025EAD2BA083550059121A /* InstagramClone */,
				DD025EAC2BA083550059121A /* Products */,
			);
			sourceTree = "<group>";
		};
		DD025EAC2BA083550059121A /* Products */ = {
			isa = PBXGroup;
			children = (
				DD025EAB2BA083550059121A /* InstagramClone.app */,
			);
			name = Products;
			sourceTree = "<group>";
		};
		DD025EAD2BA083550059121A /* InstagramClone */ = {
			isa = PBXGroup;
			children = (
				DD025EC72BA085E50059121A /* Model */,
				DD025EC62BA085E40059121A /* View */,
				DD025EC52BA085E20059121A /* ViewModel */,
				DD025EC42BA085E00059121A /* Controller */,
				DD025EC32BA085DC0059121A /* API */,
				DD025EC22BA085CE0059121A /* Utils */,
				DD025EAE2BA083550059121A /* AppDelegate.swift */,
				DD025EB02BA083550059121A /* SceneDelegate.swift */,
				DD025EB72BA083590059121A /* Assets.xcassets */,
				DD025EB92BA083590059121A /* LaunchScreen.storyboard */,
				DD025EBC2BA083590059121A /* Info.plist */,
				DD79823B2BB1CACB000A484B /* GoogleService-Info.plist */,
				DDA04EB92BA08E9B00A841E4 /* .swiftformat */,
			);
			path = InstagramClone;
			sourceTree = "<group>";
		};
		DD025EC22BA085CE0059121A /* Utils */ = {
			isa = PBXGroup;
			children = (
				DD7982372BB02D33000A484B /* Extensions.swift */,
			);
			path = Utils;
			sourceTree = "<group>";
		};
		DD025EC32BA085DC0059121A /* API */ = {
			isa = PBXGroup;
			children = (
			);
			path = API;
			sourceTree = "<group>";
		};
		DD025EC42BA085E00059121A /* Controller */ = {
			isa = PBXGroup;
			children = (
				DD79822E2BA868DC000A484B /* Authentication */,
				DD025EC82BA087300059121A /* MainViewController.swift */,
				DDA04EBB2BA0A84800A841E4 /* FeedController.swift */,
				DDA04EBD2BA0A85300A841E4 /* SearchController.swift */,
				DDA04EBF2BA0A87100A841E4 /* ImageSelectorController.swift */,
				DDA04EC12BA0A87D00A841E4 /* NotificationController.swift */,
				DDA04EC32BA0A88800A841E4 /* ProfileController.swift */,
			);
			path = Controller;
			sourceTree = "<group>";
		};
		DD025EC52BA085E20059121A /* ViewModel */ = {
			isa = PBXGroup;
			children = (
				DD7982392BB04ED5000A484B /* AuthViewModel.swift */,
			);
			path = ViewModel;
			sourceTree = "<group>";
		};
		DD025EC62BA085E40059121A /* View */ = {
			isa = PBXGroup;
			children = (
				DD7982292BA6DCF8000A484B /* FeedCell.swift */,
				DD7982332BB0233B000A484B /* CustomTextField.swift */,
			);
			path = View;
			sourceTree = "<group>";
		};
		DD025EC72BA085E50059121A /* Model */ = {
			isa = PBXGroup;
			children = (
			);
			path = Model;
			sourceTree = "<group>";
		};
		DD79822E2BA868DC000A484B /* Authentication */ = {
			isa = PBXGroup;
			children = (
				DD79822F2BA868FB000A484B /* LoginController.swift */,
				DD7982312BA86904000A484B /* RegisterController.swift */,
			);
			path = Authentication;
			sourceTree = "<group>";
		};
/* End PBXGroup section */

/* Begin PBXNativeTarget section */
		DD025EAA2BA083550059121A /* InstagramClone */ = {
			isa = PBXNativeTarget;
			buildConfigurationList = DD025EBF2BA083590059121A /* Build configuration list for PBXNativeTarget "InstagramClone" */;
			buildPhases = (
				DDA04EB32BA08DB400A841E4 /* SwiftFormat Script */,
				DD025EA72BA083550059121A /* Sources */,
				DD025EA82BA083550059121A /* Frameworks */,
				DD025EA92BA083550059121A /* Resources */,
			);
			buildRules = (
			);
			dependencies = (
			);
			name = InstagramClone;
			packageProductDependencies = (
				DD79822C2BA6DF7D000A484B /* SnapKit */,
				DD79823E2BB1CBDC000A484B /* FirebaseAuth */,
				DD7982402BB1CBDC000A484B /* FirebaseStorage */,
			);
			productName = InstagramClone;
			productReference = DD025EAB2BA083550059121A /* InstagramClone.app */;
			productType = "com.apple.product-type.application";
		};
/* End PBXNativeTarget section */

/* Begin PBXProject section */
		DD025EA32BA083550059121A /* Project object */ = {
			isa = PBXProject;
			attributes = {
				BuildIndependentTargetsInParallel = 1;
				LastSwiftUpdateCheck = 1420;
				LastUpgradeCheck = 1420;
				TargetAttributes = {
					DD025EAA2BA083550059121A = {
						CreatedOnToolsVersion = 14.2;
					};
				};
			};
			buildConfigurationList = DD025EA62BA083550059121A /* Build configuration list for PBXProject "InstagramClone" */;
			compatibilityVersion = "Xcode 14.0";
			developmentRegion = en;
			hasScannedForEncodings = 0;
			knownRegions = (
				en,
				Base,
			);
			mainGroup = DD025EA22BA083550059121A;
			packageReferences = (
				DD79822B2BA6DF7D000A484B /* XCRemoteSwiftPackageReference "SnapKit" */,
				DD79823D2BB1CBDC000A484B /* XCRemoteSwiftPackageReference "firebase-ios-sdk" */,
			);
			productRefGroup = DD025EAC2BA083550059121A /* Products */;
			projectDirPath = "";
			projectRoot = "";
			targets = (
				DD025EAA2BA083550059121A /* InstagramClone */,
			);
		};
/* End PBXProject section */

/* Begin PBXResourcesBuildPhase section */
		DD025EA92BA083550059121A /* Resources */ = {
			isa = PBXResourcesBuildPhase;
			buildActionMask = 2147483647;
			files = (
				DDA04EBA2BA08E9B00A841E4 /* .swiftformat in Resources */,
				DD79823C2BB1CACB000A484B /* GoogleService-Info.plist in Resources */,
				DD025EBB2BA083590059121A /* LaunchScreen.storyboard in Resources */,
				DD025EB82BA083590059121A /* Assets.xcassets in Resources */,
			);
			runOnlyForDeploymentPostprocessing = 0;
		};
/* End PBXResourcesBuildPhase section */

/* Begin PBXShellScriptBuildPhase section */
		DDA04EB32BA08DB400A841E4 /* SwiftFormat Script */ = {
			isa = PBXShellScriptBuildPhase;
			alwaysOutOfDate = 1;
			buildActionMask = 2147483647;
			files = (
			);
			inputFileListPaths = (
			);
			inputPaths = (
			);
			name = "SwiftFormat Script";
			outputFileListPaths = (
			);
			outputPaths = (
			);
			runOnlyForDeploymentPostprocessing = 0;
			shellPath = /bin/sh;
			shellScript = "# Type a script or drag a script file from your workspace to insert its path.\nexport PATH=\"$PATH:/opt/homebrew/bin\"\nif which swiftformat > /dev/null; then\n  swiftformat .\nelse\n  echo \"warning: SwiftFormat not installed, download from https://github.com/nicklockwood/SwiftFormat\"\nfi\n";
		};
/* End PBXShellScriptBuildPhase section */

/* Begin PBXSourcesBuildPhase section */
		DD025EA72BA083550059121A /* Sources */ = {
			isa = PBXSourcesBuildPhase;
			buildActionMask = 2147483647;
			files = (
				DDA04EC02BA0A87100A841E4 /* ImageSelectorController.swift in Sources */,
				DDA04EC22BA0A87D00A841E4 /* NotificationController.swift in Sources */,
				DD7982322BA86904000A484B /* RegisterController.swift in Sources */,
				DDA04EBE2BA0A85300A841E4 /* SearchController.swift in Sources */,
				DD025EAF2BA083550059121A /* AppDelegate.swift in Sources */,
				DDA04EC42BA0A88800A841E4 /* ProfileController.swift in Sources */,
				DDA04EBC2BA0A84800A841E4 /* FeedController.swift in Sources */,
				DD025EB12BA083550059121A /* SceneDelegate.swift in Sources */,
				DD7982382BB02D33000A484B /* Extensions.swift in Sources */,
				DD7982342BB0233B000A484B /* CustomTextField.swift in Sources */,
				DD79823A2BB04ED5000A484B /* AuthViewModel.swift in Sources */,
				DD025EC92BA087300059121A /* MainViewController.swift in Sources */,
				DD79822A2BA6DCF8000A484B /* FeedCell.swift in Sources */,
				DD7982302BA868FB000A484B /* LoginController.swift in Sources */,
			);
			runOnlyForDeploymentPostprocessing = 0;
		};
/* End PBXSourcesBuildPhase section */

/* Begin PBXVariantGroup section */
		DD025EB92BA083590059121A /* LaunchScreen.storyboard */ = {
			isa = PBXVariantGroup;
			children = (
				DD025EBA2BA083590059121A /* Base */,
			);
			name = LaunchScreen.storyboard;
			sourceTree = "<group>";
		};
/* End PBXVariantGroup section */

/* Begin XCBuildConfiguration section */
		DD025EBD2BA083590059121A /* Debug */ = {
			isa = XCBuildConfiguration;
			buildSettings = {
				ALWAYS_SEARCH_USER_PATHS = NO;
				CLANG_ANALYZER_NONNULL = YES;
				CLANG_ANALYZER_NUMBER_OBJECT_CONVERSION = YES_AGGRESSIVE;
				CLANG_CXX_LANGUAGE_STANDARD = "gnu++20";
				CLANG_ENABLE_MODULES = YES;
				CLANG_ENABLE_OBJC_ARC = YES;
				CLANG_ENABLE_OBJC_WEAK = YES;
				CLANG_WARN_BLOCK_CAPTURE_AUTORELEASING = YES;
				CLANG_WARN_BOOL_CONVERSION = YES;
				CLANG_WARN_COMMA = YES;
				CLANG_WARN_CONSTANT_CONVERSION = YES;
				CLANG_WARN_DEPRECATED_OBJC_IMPLEMENTATIONS = YES;
				CLANG_WARN_DIRECT_OBJC_ISA_USAGE = YES_ERROR;
				CLANG_WARN_DOCUMENTATION_COMMENTS = YES;
				CLANG_WARN_EMPTY_BODY = YES;
				CLANG_WARN_ENUM_CONVERSION = YES;
				CLANG_WARN_INFINITE_RECURSION = YES;
				CLANG_WARN_INT_CONVERSION = YES;
				CLANG_WARN_NON_LITERAL_NULL_CONVERSION = YES;
				CLANG_WARN_OBJC_IMPLICIT_RETAIN_SELF = YES;
				CLANG_WARN_OBJC_LITERAL_CONVERSION = YES;
				CLANG_WARN_OBJC_ROOT_CLASS = YES_ERROR;
				CLANG_WARN_QUOTED_INCLUDE_IN_FRAMEWORK_HEADER = YES;
				CLANG_WARN_RANGE_LOOP_ANALYSIS = YES;
				CLANG_WARN_STRICT_PROTOTYPES = YES;
				CLANG_WARN_SUSPICIOUS_MOVE = YES;
				CLANG_WARN_UNGUARDED_AVAILABILITY = YES_AGGRESSIVE;
				CLANG_WARN_UNREACHABLE_CODE = YES;
				CLANG_WARN__DUPLICATE_METHOD_MATCH = YES;
				COPY_PHASE_STRIP = NO;
				DEBUG_INFORMATION_FORMAT = dwarf;
				ENABLE_STRICT_OBJC_MSGSEND = YES;
				ENABLE_TESTABILITY = YES;
				GCC_C_LANGUAGE_STANDARD = gnu11;
				GCC_DYNAMIC_NO_PIC = NO;
				GCC_NO_COMMON_BLOCKS = YES;
				GCC_OPTIMIZATION_LEVEL = 0;
				GCC_PREPROCESSOR_DEFINITIONS = (
					"DEBUG=1",
					"$(inherited)",
				);
				GCC_WARN_64_TO_32_BIT_CONVERSION = YES;
				GCC_WARN_ABOUT_RETURN_TYPE = YES_ERROR;
				GCC_WARN_UNDECLARED_SELECTOR = YES;
				GCC_WARN_UNINITIALIZED_AUTOS = YES_AGGRESSIVE;
				GCC_WARN_UNUSED_FUNCTION = YES;
				GCC_WARN_UNUSED_VARIABLE = YES;
				IPHONEOS_DEPLOYMENT_TARGET = 16.2;
				MTL_ENABLE_DEBUG_INFO = INCLUDE_SOURCE;
				MTL_FAST_MATH = YES;
				ONLY_ACTIVE_ARCH = YES;
				SDKROOT = iphoneos;
				SWIFT_ACTIVE_COMPILATION_CONDITIONS = DEBUG;
				SWIFT_OPTIMIZATION_LEVEL = "-Onone";
			};
			name = Debug;
		};
		DD025EBE2BA083590059121A /* Release */ = {
			isa = XCBuildConfiguration;
			buildSettings = {
				ALWAYS_SEARCH_USER_PATHS = NO;
				CLANG_ANALYZER_NONNULL = YES;
				CLANG_ANALYZER_NUMBER_OBJECT_CONVERSION = YES_AGGRESSIVE;
				CLANG_CXX_LANGUAGE_STANDARD = "gnu++20";
				CLANG_ENABLE_MODULES = YES;
				CLANG_ENABLE_OBJC_ARC = YES;
				CLANG_ENABLE_OBJC_WEAK = YES;
				CLANG_WARN_BLOCK_CAPTURE_AUTORELEASING = YES;
				CLANG_WARN_BOOL_CONVERSION = YES;
				CLANG_WARN_COMMA = YES;
				CLANG_WARN_CONSTANT_CONVERSION = YES;
				CLANG_WARN_DEPRECATED_OBJC_IMPLEMENTATIONS = YES;
				CLANG_WARN_DIRECT_OBJC_ISA_USAGE = YES_ERROR;
				CLANG_WARN_DOCUMENTATION_COMMENTS = YES;
				CLANG_WARN_EMPTY_BODY = YES;
				CLANG_WARN_ENUM_CONVERSION = YES;
				CLANG_WARN_INFINITE_RECURSION = YES;
				CLANG_WARN_INT_CONVERSION = YES;
				CLANG_WARN_NON_LITERAL_NULL_CONVERSION = YES;
				CLANG_WARN_OBJC_IMPLICIT_RETAIN_SELF = YES;
				CLANG_WARN_OBJC_LITERAL_CONVERSION = YES;
				CLANG_WARN_OBJC_ROOT_CLASS = YES_ERROR;
				CLANG_WARN_QUOTED_INCLUDE_IN_FRAMEWORK_HEADER = YES;
				CLANG_WARN_RANGE_LOOP_ANALYSIS = YES;
				CLANG_WARN_STRICT_PROTOTYPES = YES;
				CLANG_WARN_SUSPICIOUS_MOVE = YES;
				CLANG_WARN_UNGUARDED_AVAILABILITY = YES_AGGRESSIVE;
				CLANG_WARN_UNREACHABLE_CODE = YES;
				CLANG_WARN__DUPLICATE_METHOD_MATCH = YES;
				COPY_PHASE_STRIP = NO;
				DEBUG_INFORMATION_FORMAT = "dwarf-with-dsym";
				ENABLE_NS_ASSERTIONS = NO;
				ENABLE_STRICT_OBJC_MSGSEND = YES;
				GCC_C_LANGUAGE_STANDARD = gnu11;
				GCC_NO_COMMON_BLOCKS = YES;
				GCC_WARN_64_TO_32_BIT_CONVERSION = YES;
				GCC_WARN_ABOUT_RETURN_TYPE = YES_ERROR;
				GCC_WARN_UNDECLARED_SELECTOR = YES;
				GCC_WARN_UNINITIALIZED_AUTOS = YES_AGGRESSIVE;
				GCC_WARN_UNUSED_FUNCTION = YES;
				GCC_WARN_UNUSED_VARIABLE = YES;
				IPHONEOS_DEPLOYMENT_TARGET = 16.2;
				MTL_ENABLE_DEBUG_INFO = NO;
				MTL_FAST_MATH = YES;
				SDKROOT = iphoneos;
				SWIFT_COMPILATION_MODE = wholemodule;
				SWIFT_OPTIMIZATION_LEVEL = "-O";
				VALIDATE_PRODUCT = YES;
			};
			name = Release;
		};
		DD025EC02BA083590059121A /* Debug */ = {
			isa = XCBuildConfiguration;
			buildSettings = {
				ASSETCATALOG_COMPILER_APPICON_NAME = AppIcon;
				ASSETCATALOG_COMPILER_GLOBAL_ACCENT_COLOR_NAME = AccentColor;
				CODE_SIGN_STYLE = Automatic;
				CURRENT_PROJECT_VERSION = 1;
				DEVELOPMENT_TEAM = M43VAB7Q75;
				GENERATE_INFOPLIST_FILE = YES;
				INFOPLIST_FILE = InstagramClone/Info.plist;
				INFOPLIST_KEY_UIApplicationSupportsIndirectInputEvents = YES;
				INFOPLIST_KEY_UILaunchStoryboardName = LaunchScreen;
				INFOPLIST_KEY_UISupportedInterfaceOrientations = UIInterfaceOrientationPortrait;
				IPHONEOS_DEPLOYMENT_TARGET = 13.0;
				LD_RUNPATH_SEARCH_PATHS = (
					"$(inherited)",
					"@executable_path/Frameworks",
				);
				MARKETING_VERSION = 1.0;
				PRODUCT_BUNDLE_IDENTIFIER = com.woochan.InstagramClone;
				PRODUCT_NAME = "$(TARGET_NAME)";
				SUPPORTED_PLATFORMS = "iphoneos iphonesimulator";
				SUPPORTS_MACCATALYST = NO;
				SUPPORTS_MAC_DESIGNED_FOR_IPHONE_IPAD = YES;
				SWIFT_EMIT_LOC_STRINGS = YES;
				SWIFT_VERSION = 5.0;
				TARGETED_DEVICE_FAMILY = 1;
			};
			name = Debug;
		};
		DD025EC12BA083590059121A /* Release */ = {
			isa = XCBuildConfiguration;
			buildSettings = {
				ASSETCATALOG_COMPILER_APPICON_NAME = AppIcon;
				ASSETCATALOG_COMPILER_GLOBAL_ACCENT_COLOR_NAME = AccentColor;
				CODE_SIGN_STYLE = Automatic;
				CURRENT_PROJECT_VERSION = 1;
				DEVELOPMENT_TEAM = M43VAB7Q75;
				GENERATE_INFOPLIST_FILE = YES;
				INFOPLIST_FILE = InstagramClone/Info.plist;
				INFOPLIST_KEY_UIApplicationSupportsIndirectInputEvents = YES;
				INFOPLIST_KEY_UILaunchStoryboardName = LaunchScreen;
				INFOPLIST_KEY_UISupportedInterfaceOrientations = UIInterfaceOrientationPortrait;
				IPHONEOS_DEPLOYMENT_TARGET = 13.0;
				LD_RUNPATH_SEARCH_PATHS = (
					"$(inherited)",
					"@executable_path/Frameworks",
				);
				MARKETING_VERSION = 1.0;
				PRODUCT_BUNDLE_IDENTIFIER = com.woochan.InstagramClone;
				PRODUCT_NAME = "$(TARGET_NAME)";
				SUPPORTED_PLATFORMS = "iphoneos iphonesimulator";
				SUPPORTS_MACCATALYST = NO;
				SUPPORTS_MAC_DESIGNED_FOR_IPHONE_IPAD = YES;
				SWIFT_EMIT_LOC_STRINGS = YES;
				SWIFT_VERSION = 5.0;
				TARGETED_DEVICE_FAMILY = 1;
			};
			name = Release;
		};
/* End XCBuildConfiguration section */

/* Begin XCConfigurationList section */
		DD025EA62BA083550059121A /* Build configuration list for PBXProject "InstagramClone" */ = {
			isa = XCConfigurationList;
			buildConfigurations = (
				DD025EBD2BA083590059121A /* Debug */,
				DD025EBE2BA083590059121A /* Release */,
			);
			defaultConfigurationIsVisible = 0;
			defaultConfigurationName = Release;
		};
		DD025EBF2BA083590059121A /* Build configuration list for PBXNativeTarget "InstagramClone" */ = {
			isa = XCConfigurationList;
			buildConfigurations = (
				DD025EC02BA083590059121A /* Debug */,
				DD025EC12BA083590059121A /* Release */,
			);
			defaultConfigurationIsVisible = 0;
			defaultConfigurationName = Release;
		};
/* End XCConfigurationList section */

/* Begin XCRemoteSwiftPackageReference section */
		DD79822B2BA6DF7D000A484B /* XCRemoteSwiftPackageReference "SnapKit" */ = {
			isa = XCRemoteSwiftPackageReference;
			repositoryURL = "https://github.com/SnapKit/SnapKit";
			requirement = {
				kind = upToNextMajorVersion;
				minimumVersion = 5.0.0;
			};
		};
		DD79823D2BB1CBDC000A484B /* XCRemoteSwiftPackageReference "firebase-ios-sdk" */ = {
			isa = XCRemoteSwiftPackageReference;
			repositoryURL = "https://github.com/firebase/firebase-ios-sdk";
			requirement = {
				kind = upToNextMajorVersion;
				minimumVersion = 9.0.0;
			};
		};
/* End XCRemoteSwiftPackageReference section */

/* Begin XCSwiftPackageProductDependency section */
		DD79822C2BA6DF7D000A484B /* SnapKit */ = {
			isa = XCSwiftPackageProductDependency;
			package = DD79822B2BA6DF7D000A484B /* XCRemoteSwiftPackageReference "SnapKit" */;
			productName = SnapKit;
		};
		DD79823E2BB1CBDC000A484B /* FirebaseAuth */ = {
			isa = XCSwiftPackageProductDependency;
			package = DD79823D2BB1CBDC000A484B /* XCRemoteSwiftPackageReference "firebase-ios-sdk" */;
			productName = FirebaseAuth;
		};
		DD7982402BB1CBDC000A484B /* FirebaseStorage */ = {
			isa = XCSwiftPackageProductDependency;
			package = DD79823D2BB1CBDC000A484B /* XCRemoteSwiftPackageReference "firebase-ios-sdk" */;
			productName = FirebaseStorage;
		};
/* End XCSwiftPackageProductDependency section */
	};
	rootObject = DD025EA32BA083550059121A /* Project object */;
}
